github.com/TotallyGamerJet/clay v0.0.5 h1:ydzk8lDIsghRZnVJDqM0SZqqSawuk870d68BnYm7TnY=
github.com/TotallyGamerJet/clay v0.0.5/go.mod h1:/15DesdB/+8nRJ1lPibME310yT9QvdmdkA4x1V/B8Tw=
github.com/Zyko0/go-sdl3 v0.0.0-20250601142725-2fefbd8ac5cd h1:eqthskTgUjxdbSNO2Vs/q/FyRyiqX0IXofeeIZZk+S0=
github.com/Zyko0/go-sdl3 v0.0.0-20250601142725-2fefbd8ac5cd/go.mod h1:RSQAV5GYcb1BX6VkmhcNkny5HVkw14WKL1vyjXBr5Hs=
github.com/Zyko0/purego-gen v0.0.0-20250601142424-aec919327f6e h1:IUgp9j8VuemBZx/uFGvCkmt2HGmmccVl+NP3oD+gSmU=
github.com/Zyko0/purego-gen v0.0.0-20250601142424-aec919327f6e/go.mod h1:hhfgmPL6oQvMnADoaY/LAfeMqIEaNDIN2RrpVMD+zwk=
github.com/davecgh/go-spew v1.1.1 h1:vj9j/u1bqnvCEfJOwUhtlOARqs3+rkHYY13jYWTU97c=
github.com/davecgh/go-spew v1.1.1/go.mod h1:J7Y8YcW2NihsgmVo/mv3lAwl/skON4iLHjSsI+c5H38=
github.com/ebitengine/purego v0.9.0-alpha.6 h1:ePI8nFRfHEhVa3Bpm9rkheA3WynRBZkEU3bh1Sux6eg=
github.com/ebitengine/purego v0.9.0-alpha.6/go.mod h1:iIjxzd6CiRiOG0UyXP+V1+jWqUXVjPKLAI0mRfJZTmQ=
github.com/gotranspile/cxgo v0.5.2 h1:wjVTZgzKt9OEwCjfXpjOBy8jwoTSHpBDWZHBIO7D0UE=
github.com/gotranspile/cxgo v0.5.2/go.mod h1:GeAQpkzbCOjnhEutduK/RPrio2NIuy3jPSj8gqzhhwI=
github.com/pmezard/go-difflib v1.0.0 h1:4DBwDE0NGyQoBHbLQYPwSUPoCMWR5BEzIk/f1lZbAQM=
github.com/pmezard/go-difflib v1.0.0/go.mod h1:iKH77koFhYxTK1pcRnkKkqfTogsbg7gZNVY4sRDYZ/4=
github.com/stretchr/testify v1.9.0 h1:HtqpIVDClZ4nwg75+f6Lvsy/wHu+3BoSGCbBAcpTsTg=
github.com/stretchr/testify v1.9.0/go.mod h1:r2ic/lqez/lEtzL7wO/rwa5dbSLXVDPFyf8C91i36aY=
github.com/vladimirvivien/go4vl v0.0.5 h1:jHuo/CZOAzYGzrSMOc7anOMNDr03uWH5c1B5kQ+Chnc=
github.com/vladimirvivien/go4vl v0.0.5/go.mod h1:FP+/fG/X1DUdbZl9uN+l33vId1QneVn+W80JMc17OL8=
golang.org/x/image v0.20.0 h1:7cVCUjQwfL18gyBJOmYvptfSHS8Fb3YUDtfLIZ7Nbpw=
golang.org/x/image v0.20.0/go.mod h1:0a88To4CYVBAHp5FXJm8o7QbUl37Vd85ply1vyD8auM=
golang.org/x/sys v0.0.0-20210630005230-0f9fa26af87c/go.mod h1:oPkhp1MJrh7nUepCBck5+mAzfO9JrbApNNgaTdGDITg=
golang.org/x/sys v0.33.0 h1:q3i8TbbEz+JRD9ywIRlyRAQbM0qF7hu24q3teo2hbuw=
golang.org/x/sys v0.33.0/go.mod h1:BJP2sWEmIv4KK5OTEluFJCKSidICx8ciO85XgH3Ak8k=
golang.org/x/text v0.18.0 h1:XvMDiNzPAl0jr17s6W9lcaIhGUfUORdGCNsuLmPG224=
golang.org/x/text v0.18.0/go.mod h1:BuEKDfySbSR4drPmRPG/7iBdf8hvFMuRexcpahXilzY=
gopkg.in/yaml.v3 v3.0.1 h1:fxVm/GzAzEWqLHuvctI91KS9hhNmmWOoWu0XTYJS7CA=
gopkg.in/yaml.v3 v3.0.1/go.mod h1:K4uyk7z7BCEPqu6E+C64Yfv1cQ7kz7rIZviUmN+EgEM=
